
Microsoft Visual Studio Solution File, Format Version 12.00
# Visual Studio 15
VisualStudioVersion = 15.0.27703.2018
MinimumVisualStudioVersion = 10.0.40219.1
Project("{FAE04EC0-301F-11D3-BF4B-00C04F79EFBC}") = "XAMLCalculator.Android", "XAMLCalculator\XAMLCalculator.Android\XAMLCalculator.Android.csproj", "{C627F2C7-F186-4D3E-8492-54BB21B9A43F}"
EndProject
Project("{FAE04EC0-301F-11D3-BF4B-00C04F79EFBC}") = "XAMLCalculator.iOS", "XAMLCalculator\XAMLCalculator.iOS\XAMLCalculator.iOS.csproj", "{E18B07ED-AA29-4772-BC4D-86957E199F09}"
EndProject
Project("{FAE04EC0-301F-11D3-BF4B-00C04F79EFBC}") = "XAMLCalculator.UWP", "XAMLCalculator\XAMLCalculator.UWP\XAMLCalculator.UWP.csproj", "{DF5221A5-A397-4781-B3E9-E5D2F529550B}"
EndProject
Project("{FAE04EC0-301F-11D3-BF4B-00C04F79EFBC}") = "XAMLCalculator", "XAMLCalculator\XAMLCalculator\XAMLCalculator.csproj", "{84645C4C-31FF-4F47-BD75-BD59A159ED93}"
EndProject
Global
	GlobalSection(SolutionConfigurationPlatforms) = preSolution
		Ad-Hoc|Any CPU = Ad-Hoc|Any CPU
		Ad-Hoc|ARM = Ad-Hoc|ARM
		Ad-Hoc|iPhone = Ad-Hoc|iPhone
		Ad-Hoc|iPhoneSimulator = Ad-Hoc|iPhoneSimulator
		Ad-Hoc|x64 = Ad-Hoc|x64
		Ad-Hoc|x86 = Ad-Hoc|x86
		AppStore|Any CPU = AppStore|Any CPU
		AppStore|ARM = AppStore|ARM
		AppStore|iPhone = AppStore|iPhone
		AppStore|iPhoneSimulator = AppStore|iPhoneSimulator
		AppStore|x64 = AppStore|x64
		AppStore|x86 = AppStore|x86
		Debug|Any CPU = Debug|Any CPU
		Debug|ARM = Debug|ARM
		Debug|iPhone = Debug|iPhone
		Debug|iPhoneSimulator = Debug|iPhoneSimulator
		Debug|x64 = Debug|x64
		Debug|x86 = Debug|x86
		Release|Any CPU = Release|Any CPU
		Release|ARM = Release|ARM
		Release|iPhone = Release|iPhone
		Release|iPhoneSimulator = Release|iPhoneSimulator
		Release|x64 = Release|x64
		Release|x86 = Release|x86
	EndGlobalSection
	GlobalSection(ProjectConfigurationPlatforms) = postSolution
		{C627F2C7-F186-4D3E-8492-54BB21B9A43F}.Ad-Hoc|Any CPU.ActiveCfg = Release|Any CPU
		{C627F2C7-F186-4D3E-8492-54BB21B9A43F}.Ad-Hoc|Any CPU.Build.0 = Release|Any CPU
		{C627F2C7-F186-4D3E-8492-54BB21B9A43F}.Ad-Hoc|Any CPU.Deploy.0 = Release|Any CPU
		{C627F2C7-F186-4D3E-8492-54BB21B9A43F}.Ad-Hoc|ARM.ActiveCfg = Release|Any CPU
		{C627F2C7-F186-4D3E-8492-54BB21B9A43F}.Ad-Hoc|ARM.Build.0 = Release|Any CPU
		{C627F2C7-F186-4D3E-8492-54BB21B9A43F}.Ad-Hoc|ARM.Deploy.0 = Release|Any CPU
		{C627F2C7-F186-4D3E-8492-54BB21B9A43F}.Ad-Hoc|iPhone.ActiveCfg = Release|Any CPU
		{C627F2C7-F186-4D3E-8492-54BB21B9A43F}.Ad-Hoc|iPhone.Build.0 = Release|Any CPU
		{C627F2C7-F186-4D3E-8492-54BB21B9A43F}.Ad-Hoc|iPhone.Deploy.0 = Release|Any CPU
		{C627F2C7-F186-4D3E-8492-54BB21B9A43F}.Ad-Hoc|iPhoneSimulator.ActiveCfg = Release|Any CPU
		{C627F2C7-F186-4D3E-8492-54BB21B9A43F}.Ad-Hoc|iPhoneSimulator.Build.0 = Release|Any CPU
		{C627F2C7-F186-4D3E-8492-54BB21B9A43F}.Ad-Hoc|iPhoneSimulator.Deploy.0 = Release|Any CPU
		{C627F2C7-F186-4D3E-8492-54BB21B9A43F}.Ad-Hoc|x64.ActiveCfg = Release|Any CPU
		{C627F2C7-F186-4D3E-8492-54BB21B9A43F}.Ad-Hoc|x64.Build.0 = Release|Any CPU
		{C627F2C7-F186-4D3E-8492-54BB21B9A43F}.Ad-Hoc|x64.Deploy.0 = Release|Any CPU
		{C627F2C7-F186-4D3E-8492-54BB21B9A43F}.Ad-Hoc|x86.ActiveCfg = Release|Any CPU
		{C627F2C7-F186-4D3E-8492-54BB21B9A43F}.Ad-Hoc|x86.Build.0 = Release|Any CPU
		{C627F2C7-F186-4D3E-8492-54BB21B9A43F}.Ad-Hoc|x86.Deploy.0 = Release|Any CPU
		{C627F2C7-F186-4D3E-8492-54BB21B9A43F}.AppStore|Any CPU.ActiveCfg = Release|Any CPU
		{C627F2C7-F186-4D3E-8492-54BB21B9A43F}.AppStore|Any CPU.Build.0 = Release|Any CPU
		{C627F2C7-F186-4D3E-8492-54BB21B9A43F}.AppStore|Any CPU.Deploy.0 = Release|Any CPU
		{C627F2C7-F186-4D3E-8492-54BB21B9A43F}.AppStore|ARM.ActiveCfg = Release|Any CPU
		{C627F2C7-F186-4D3E-8492-54BB21B9A43F}.AppStore|ARM.Build.0 = Release|Any CPU
		{C627F2C7-F186-4D3E-8492-54BB21B9A43F}.AppStore|ARM.Deploy.0 = Release|Any CPU
		{C627F2C7-F186-4D3E-8492-54BB21B9A43F}.AppStore|iPhone.ActiveCfg = Release|Any CPU
		{C627F2C7-F186-4D3E-8492-54BB21B9A43F}.AppStore|iPhone.Build.0 = Release|Any CPU
		{C627F2C7-F186-4D3E-8492-54BB21B9A43F}.AppStore|iPhone.Deploy.0 = Release|Any CPU
		{C627F2C7-F186-4D3E-8492-54BB21B9A43F}.AppStore|iPhoneSimulator.ActiveCfg = Release|Any CPU
		{C627F2C7-F186-4D3E-8492-54BB21B9A43F}.AppStore|iPhoneSimulator.Build.0 = Release|Any CPU
		{C627F2C7-F186-4D3E-8492-54BB21B9A43F}.AppStore|iPhoneSimulator.Deploy.0 = Release|Any CPU
		{C627F2C7-F186-4D3E-8492-54BB21B9A43F}.AppStore|x64.ActiveCfg = Release|Any CPU
		{C627F2C7-F186-4D3E-8492-54BB21B9A43F}.AppStore|x64.Build.0 = Release|Any CPU
		{C627F2C7-F186-4D3E-8492-54BB21B9A43F}.AppStore|x64.Deploy.0 = Release|Any CPU
		{C627F2C7-F186-4D3E-8492-54BB21B9A43F}.AppStore|x86.ActiveCfg = Release|Any CPU
		{C627F2C7-F186-4D3E-8492-54BB21B9A43F}.AppStore|x86.Build.0 = Release|Any CPU
		{C627F2C7-F186-4D3E-8492-54BB21B9A43F}.AppStore|x86.Deploy.0 = Release|Any CPU
		{C627F2C7-F186-4D3E-8492-54BB21B9A43F}.Debug|Any CPU.ActiveCfg = Debug|Any CPU
		{C627F2C7-F186-4D3E-8492-54BB21B9A43F}.Debug|Any CPU.Build.0 = Debug|Any CPU
		{C627F2C7-F186-4D3E-8492-54BB21B9A43F}.Debug|Any CPU.Deploy.0 = Debug|Any CPU
		{C627F2C7-F186-4D3E-8492-54BB21B9A43F}.Debug|ARM.ActiveCfg = Debug|Any CPU
		{C627F2C7-F186-4D3E-8492-54BB21B9A43F}.Debug|ARM.Build.0 = Debug|Any CPU
		{C627F2C7-F186-4D3E-8492-54BB21B9A43F}.Debug|ARM.Deploy.0 = Debug|Any CPU
		{C627F2C7-F186-4D3E-8492-54BB21B9A43F}.Debug|iPhone.ActiveCfg = Debug|Any CPU
		{C627F2C7-F186-4D3E-8492-54BB21B9A43F}.Debug|iPhone.Build.0 = Debug|Any CPU
		{C627F2C7-F186-4D3E-8492-54BB21B9A43F}.Debug|iPhone.Deploy.0 = Debug|Any CPU
		{C627F2C7-F186-4D3E-8492-54BB21B9A43F}.Debug|iPhoneSimulator.ActiveCfg = Debug|Any CPU
		{C627F2C7-F186-4D3E-8492-54BB21B9A43F}.Debug|iPhoneSimulator.Build.0 = Debug|Any CPU
		{C627F2C7-F186-4D3E-8492-54BB21B9A43F}.Debug|iPhoneSimulator.Deploy.0 = Debug|Any CPU
		{C627F2C7-F186-4D3E-8492-54BB21B9A43F}.Debug|x64.ActiveCfg = Debug|Any CPU
		{C627F2C7-F186-4D3E-8492-54BB21B9A43F}.Debug|x64.Build.0 = Debug|Any CPU
		{C627F2C7-F186-4D3E-8492-54BB21B9A43F}.Debug|x64.Deploy.0 = Debug|Any CPU
		{C627F2C7-F186-4D3E-8492-54BB21B9A43F}.Debug|x86.ActiveCfg = Debug|Any CPU
		{C627F2C7-F186-4D3E-8492-54BB21B9A43F}.Debug|x86.Build.0 = Debug|Any CPU
		{C627F2C7-F186-4D3E-8492-54BB21B9A43F}.Debug|x86.Deploy.0 = Debug|Any CPU
		{C627F2C7-F186-4D3E-8492-54BB21B9A43F}.Release|Any CPU.ActiveCfg = Release|Any CPU
		{C627F2C7-F186-4D3E-8492-54BB21B9A43F}.Release|Any CPU.Build.0 = Release|Any CPU
		{C627F2C7-F186-4D3E-8492-54BB21B9A43F}.Release|Any CPU.Deploy.0 = Release|Any CPU
		{C627F2C7-F186-4D3E-8492-54BB21B9A43F}.Release|ARM.ActiveCfg = Release|Any CPU
		{C627F2C7-F186-4D3E-8492-54BB21B9A43F}.Release|ARM.Build.0 = Release|Any CPU
		{C627F2C7-F186-4D3E-8492-54BB21B9A43F}.Release|ARM.Deploy.0 = Release|Any CPU
		{C627F2C7-F186-4D3E-8492-54BB21B9A43F}.Release|iPhone.ActiveCfg = Release|Any CPU
		{C627F2C7-F186-4D3E-8492-54BB21B9A43F}.Release|iPhone.Build.0 = Release|Any CPU
		{C627F2C7-F186-4D3E-8492-54BB21B9A43F}.Release|iPhone.Deploy.0 = Release|Any CPU
		{C627F2C7-F186-4D3E-8492-54BB21B9A43F}.Release|iPhoneSimulator.ActiveCfg = Release|Any CPU
		{C627F2C7-F186-4D3E-8492-54BB21B9A43F}.Release|iPhoneSimulator.Build.0 = Release|Any CPU
		{C627F2C7-F186-4D3E-8492-54BB21B9A43F}.Release|iPhoneSimulator.Deploy.0 = Release|Any CPU
		{C627F2C7-F186-4D3E-8492-54BB21B9A43F}.Release|x64.ActiveCfg = Release|Any CPU
		{C627F2C7-F186-4D3E-8492-54BB21B9A43F}.Release|x64.Build.0 = Release|Any CPU
		{C627F2C7-F186-4D3E-8492-54BB21B9A43F}.Release|x64.Deploy.0 = Release|Any CPU
		{C627F2C7-F186-4D3E-8492-54BB21B9A43F}.Release|x86.ActiveCfg = Release|Any CPU
		{C627F2C7-F186-4D3E-8492-54BB21B9A43F}.Release|x86.Build.0 = Release|Any CPU
		{C627F2C7-F186-4D3E-8492-54BB21B9A43F}.Release|x86.Deploy.0 = Release|Any CPU
		{E18B07ED-AA29-4772-BC4D-86957E199F09}.Ad-Hoc|Any CPU.ActiveCfg = Ad-Hoc|iPhone
		{E18B07ED-AA29-4772-BC4D-86957E199F09}.Ad-Hoc|Any CPU.Build.0 = Ad-Hoc|iPhone
		{E18B07ED-AA29-4772-BC4D-86957E199F09}.Ad-Hoc|Any CPU.Deploy.0 = Ad-Hoc|iPhone
		{E18B07ED-AA29-4772-BC4D-86957E199F09}.Ad-Hoc|ARM.ActiveCfg = Ad-Hoc|iPhone
		{E18B07ED-AA29-4772-BC4D-86957E199F09}.Ad-Hoc|ARM.Build.0 = Ad-Hoc|iPhone
		{E18B07ED-AA29-4772-BC4D-86957E199F09}.Ad-Hoc|ARM.Deploy.0 = Ad-Hoc|iPhone
		{E18B07ED-AA29-4772-BC4D-86957E199F09}.Ad-Hoc|iPhone.ActiveCfg = Ad-Hoc|iPhone
		{E18B07ED-AA29-4772-BC4D-86957E199F09}.Ad-Hoc|iPhone.Build.0 = Ad-Hoc|iPhone
		{E18B07ED-AA29-4772-BC4D-86957E199F09}.Ad-Hoc|iPhone.Deploy.0 = Ad-Hoc|iPhone
		{E18B07ED-AA29-4772-BC4D-86957E199F09}.Ad-Hoc|iPhoneSimulator.ActiveCfg = Ad-Hoc|iPhoneSimulator
		{E18B07ED-AA29-4772-BC4D-86957E199F09}.Ad-Hoc|iPhoneSimulator.Build.0 = Ad-Hoc|iPhoneSimulator
		{E18B07ED-AA29-4772-BC4D-86957E199F09}.Ad-Hoc|iPhoneSimulator.Deploy.0 = Ad-Hoc|iPhoneSimulator
		{E18B07ED-AA29-4772-BC4D-86957E199F09}.Ad-Hoc|x64.ActiveCfg = Ad-Hoc|iPhone
		{E18B07ED-AA29-4772-BC4D-86957E199F09}.Ad-Hoc|x64.Build.0 = Ad-Hoc|iPhone
		{E18B07ED-AA29-4772-BC4D-86957E199F09}.Ad-Hoc|x64.Deploy.0 = Ad-Hoc|iPhone
		{E18B07ED-AA29-4772-BC4D-86957E199F09}.Ad-Hoc|x86.ActiveCfg = Ad-Hoc|iPhone
		{E18B07ED-AA29-4772-BC4D-86957E199F09}.Ad-Hoc|x86.Build.0 = Ad-Hoc|iPhone
		{E18B07ED-AA29-4772-BC4D-86957E199F09}.Ad-Hoc|x86.Deploy.0 = Ad-Hoc|iPhone
		{E18B07ED-AA29-4772-BC4D-86957E199F09}.AppStore|Any CPU.ActiveCfg = AppStore|iPhone
		{E18B07ED-AA29-4772-BC4D-86957E199F09}.AppStore|Any CPU.Build.0 = AppStore|iPhone
		{E18B07ED-AA29-4772-BC4D-86957E199F09}.AppStore|Any CPU.Deploy.0 = AppStore|iPhone
		{E18B07ED-AA29-4772-BC4D-86957E199F09}.AppStore|ARM.ActiveCfg = AppStore|iPhone
		{E18B07ED-AA29-4772-BC4D-86957E199F09}.AppStore|ARM.Build.0 = AppStore|iPhone
		{E18B07ED-AA29-4772-BC4D-86957E199F09}.AppStore|ARM.Deploy.0 = AppStore|iPhone
		{E18B07ED-AA29-4772-BC4D-86957E199F09}.AppStore|iPhone.ActiveCfg = AppStore|iPhone
		{E18B07ED-AA29-4772-BC4D-86957E199F09}.AppStore|iPhone.Build.0 = AppStore|iPhone
		{E18B07ED-AA29-4772-BC4D-86957E199F09}.AppStore|iPhone.Deploy.0 = AppStore|iPhone
		{E18B07ED-AA29-4772-BC4D-86957E199F09}.AppStore|iPhoneSimulator.ActiveCfg = AppStore|iPhoneSimulator
		{E18B07ED-AA29-4772-BC4D-86957E199F09}.AppStore|iPhoneSimulator.Build.0 = AppStore|iPhoneSimulator
		{E18B07ED-AA29-4772-BC4D-86957E199F09}.AppStore|iPhoneSimulator.Deploy.0 = AppStore|iPhoneSimulator
		{E18B07ED-AA29-4772-BC4D-86957E199F09}.AppStore|x64.ActiveCfg = AppStore|iPhone
		{E18B07ED-AA29-4772-BC4D-86957E199F09}.AppStore|x64.Build.0 = AppStore|iPhone
		{E18B07ED-AA29-4772-BC4D-86957E199F09}.AppStore|x64.Deploy.0 = AppStore|iPhone
		{E18B07ED-AA29-4772-BC4D-86957E199F09}.AppStore|x86.ActiveCfg = AppStore|iPhone
		{E18B07ED-AA29-4772-BC4D-86957E199F09}.AppStore|x86.Build.0 = AppStore|iPhone
		{E18B07ED-AA29-4772-BC4D-86957E199F09}.AppStore|x86.Deploy.0 = AppStore|iPhone
		{E18B07ED-AA29-4772-BC4D-86957E199F09}.Debug|Any CPU.ActiveCfg = Debug|iPhoneSimulator
		{E18B07ED-AA29-4772-BC4D-86957E199F09}.Debug|Any CPU.Build.0 = Debug|iPhoneSimulator
		{E18B07ED-AA29-4772-BC4D-86957E199F09}.Debug|Any CPU.Deploy.0 = Debug|iPhoneSimulator
		{E18B07ED-AA29-4772-BC4D-86957E199F09}.Debug|ARM.ActiveCfg = Debug|iPhone
		{E18B07ED-AA29-4772-BC4D-86957E199F09}.Debug|ARM.Build.0 = Debug|iPhone
		{E18B07ED-AA29-4772-BC4D-86957E199F09}.Debug|ARM.Deploy.0 = Debug|iPhone
		{E18B07ED-AA29-4772-BC4D-86957E199F09}.Debug|iPhone.ActiveCfg = Debug|iPhone
		{E18B07ED-AA29-4772-BC4D-86957E199F09}.Debug|iPhone.Build.0 = Debug|iPhone
		{E18B07ED-AA29-4772-BC4D-86957E199F09}.Debug|iPhone.Deploy.0 = Debug|iPhone
		{E18B07ED-AA29-4772-BC4D-86957E199F09}.Debug|iPhoneSimulator.ActiveCfg = Debug|iPhoneSimulator
		{E18B07ED-AA29-4772-BC4D-86957E199F09}.Debug|iPhoneSimulator.Build.0 = Debug|iPhoneSimulator
		{E18B07ED-AA29-4772-BC4D-86957E199F09}.Debug|iPhoneSimulator.Deploy.0 = Debug|iPhoneSimulator
		{E18B07ED-AA29-4772-BC4D-86957E199F09}.Debug|x64.ActiveCfg = Debug|iPhone
		{E18B07ED-AA29-4772-BC4D-86957E199F09}.Debug|x64.Build.0 = Debug|iPhone
		{E18B07ED-AA29-4772-BC4D-86957E199F09}.Debug|x64.Deploy.0 = Debug|iPhone
		{E18B07ED-AA29-4772-BC4D-86957E199F09}.Debug|x86.ActiveCfg = Debug|iPhone
		{E18B07ED-AA29-4772-BC4D-86957E199F09}.Debug|x86.Build.0 = Debug|iPhone
		{E18B07ED-AA29-4772-BC4D-86957E199F09}.Debug|x86.Deploy.0 = Debug|iPhone
		{E18B07ED-AA29-4772-BC4D-86957E199F09}.Release|Any CPU.ActiveCfg = Release|iPhone
		{E18B07ED-AA29-4772-BC4D-86957E199F09}.Release|Any CPU.Build.0 = Release|iPhone
		{E18B07ED-AA29-4772-BC4D-86957E199F09}.Release|Any CPU.Deploy.0 = Release|iPhone
		{E18B07ED-AA29-4772-BC4D-86957E199F09}.Release|ARM.ActiveCfg = Release|iPhone
		{E18B07ED-AA29-4772-BC4D-86957E199F09}.Release|ARM.Build.0 = Release|iPhone
		{E18B07ED-AA29-4772-BC4D-86957E199F09}.Release|ARM.Deploy.0 = Release|iPhone
		{E18B07ED-AA29-4772-BC4D-86957E199F09}.Release|iPhone.ActiveCfg = Release|iPhone
		{E18B07ED-AA29-4772-BC4D-86957E199F09}.Release|iPhone.Build.0 = Release|iPhone
		{E18B07ED-AA29-4772-BC4D-86957E199F09}.Release|iPhone.Deploy.0 = Release|iPhone
		{E18B07ED-AA29-4772-BC4D-86957E199F09}.Release|iPhoneSimulator.ActiveCfg = Release|iPhoneSimulator
		{E18B07ED-AA29-4772-BC4D-86957E199F09}.Release|iPhoneSimulator.Build.0 = Release|iPhoneSimulator
		{E18B07ED-AA29-4772-BC4D-86957E199F09}.Release|iPhoneSimulator.Deploy.0 = Release|iPhoneSimulator
		{E18B07ED-AA29-4772-BC4D-86957E199F09}.Release|x64.ActiveCfg = Release|iPhone
		{E18B07ED-AA29-4772-BC4D-86957E199F09}.Release|x64.Build.0 = Release|iPhone
		{E18B07ED-AA29-4772-BC4D-86957E199F09}.Release|x64.Deploy.0 = Release|iPhone
		{E18B07ED-AA29-4772-BC4D-86957E199F09}.Release|x86.ActiveCfg = Release|iPhone
		{E18B07ED-AA29-4772-BC4D-86957E199F09}.Release|x86.Build.0 = Release|iPhone
		{E18B07ED-AA29-4772-BC4D-86957E199F09}.Release|x86.Deploy.0 = Release|iPhone
		{DF5221A5-A397-4781-B3E9-E5D2F529550B}.Ad-Hoc|Any CPU.ActiveCfg = Release|x86
		{DF5221A5-A397-4781-B3E9-E5D2F529550B}.Ad-Hoc|Any CPU.Build.0 = Release|x86
		{DF5221A5-A397-4781-B3E9-E5D2F529550B}.Ad-Hoc|Any CPU.Deploy.0 = Release|x86
		{DF5221A5-A397-4781-B3E9-E5D2F529550B}.Ad-Hoc|ARM.ActiveCfg = Release|ARM
		{DF5221A5-A397-4781-B3E9-E5D2F529550B}.Ad-Hoc|ARM.Build.0 = Release|ARM
		{DF5221A5-A397-4781-B3E9-E5D2F529550B}.Ad-Hoc|ARM.Deploy.0 = Release|ARM
		{DF5221A5-A397-4781-B3E9-E5D2F529550B}.Ad-Hoc|iPhone.ActiveCfg = Release|x86
		{DF5221A5-A397-4781-B3E9-E5D2F529550B}.Ad-Hoc|iPhone.Build.0 = Release|x86
		{DF5221A5-A397-4781-B3E9-E5D2F529550B}.Ad-Hoc|iPhone.Deploy.0 = Release|x86
		{DF5221A5-A397-4781-B3E9-E5D2F529550B}.Ad-Hoc|iPhoneSimulator.ActiveCfg = Release|x86
		{DF5221A5-A397-4781-B3E9-E5D2F529550B}.Ad-Hoc|iPhoneSimulator.Build.0 = Release|x86
		{DF5221A5-A397-4781-B3E9-E5D2F529550B}.Ad-Hoc|iPhoneSimulator.Deploy.0 = Release|x86
		{DF5221A5-A397-4781-B3E9-E5D2F529550B}.Ad-Hoc|x64.ActiveCfg = Release|x64
		{DF5221A5-A397-4781-B3E9-E5D2F529550B}.Ad-Hoc|x64.Build.0 = Release|x64
		{DF5221A5-A397-4781-B3E9-E5D2F529550B}.Ad-Hoc|x64.Deploy.0 = Release|x64
		{DF5221A5-A397-4781-B3E9-E5D2F529550B}.Ad-Hoc|x86.ActiveCfg = Release|x86
		{DF5221A5-A397-4781-B3E9-E5D2F529550B}.Ad-Hoc|x86.Build.0 = Release|x86
		{DF5221A5-A397-4781-B3E9-E5D2F529550B}.Ad-Hoc|x86.Deploy.0 = Release|x86
		{DF5221A5-A397-4781-B3E9-E5D2F529550B}.AppStore|Any CPU.ActiveCfg = Release|x86
		{DF5221A5-A397-4781-B3E9-E5D2F529550B}.AppStore|Any CPU.Build.0 = Release|x86
		{DF5221A5-A397-4781-B3E9-E5D2F529550B}.AppStore|Any CPU.Deploy.0 = Release|x86
		{DF5221A5-A397-4781-B3E9-E5D2F529550B}.AppStore|ARM.ActiveCfg = Release|ARM
		{DF5221A5-A397-4781-B3E9-E5D2F529550B}.AppStore|ARM.Build.0 = Release|ARM
		{DF5221A5-A397-4781-B3E9-E5D2F529550B}.AppStore|ARM.Deploy.0 = Release|ARM
		{DF5221A5-A397-4781-B3E9-E5D2F529550B}.AppStore|iPhone.ActiveCfg = Release|x86
		{DF5221A5-A397-4781-B3E9-E5D2F529550B}.AppStore|iPhone.Build.0 = Release|x86
		{DF5221A5-A397-4781-B3E9-E5D2F529550B}.AppStore|iPhone.Deploy.0 = Release|x86
		{DF5221A5-A397-4781-B3E9-E5D2F529550B}.AppStore|iPhoneSimulator.ActiveCfg = Release|x86
		{DF5221A5-A397-4781-B3E9-E5D2F529550B}.AppStore|iPhoneSimulator.Build.0 = Release|x86
		{DF5221A5-A397-4781-B3E9-E5D2F529550B}.AppStore|iPhoneSimulator.Deploy.0 = Release|x86
		{DF5221A5-A397-4781-B3E9-E5D2F529550B}.AppStore|x64.ActiveCfg = Release|x64
		{DF5221A5-A397-4781-B3E9-E5D2F529550B}.AppStore|x64.Build.0 = Release|x64
		{DF5221A5-A397-4781-B3E9-E5D2F529550B}.AppStore|x64.Deploy.0 = Release|x64
		{DF5221A5-A397-4781-B3E9-E5D2F529550B}.AppStore|x86.ActiveCfg = Release|x86
		{DF5221A5-A397-4781-B3E9-E5D2F529550B}.AppStore|x86.Build.0 = Release|x86
		{DF5221A5-A397-4781-B3E9-E5D2F529550B}.AppStore|x86.Deploy.0 = Release|x86
		{DF5221A5-A397-4781-B3E9-E5D2F529550B}.Debug|Any CPU.ActiveCfg = Debug|x86
		{DF5221A5-A397-4781-B3E9-E5D2F529550B}.Debug|Any CPU.Build.0 = Debug|x86
		{DF5221A5-A397-4781-B3E9-E5D2F529550B}.Debug|Any CPU.Deploy.0 = Debug|x86
		{DF5221A5-A397-4781-B3E9-E5D2F529550B}.Debug|ARM.ActiveCfg = Debug|ARM
		{DF5221A5-A397-4781-B3E9-E5D2F529550B}.Debug|ARM.Build.0 = Debug|ARM
		{DF5221A5-A397-4781-B3E9-E5D2F529550B}.Debug|ARM.Deploy.0 = Debug|ARM
		{DF5221A5-A397-4781-B3E9-E5D2F529550B}.Debug|iPhone.ActiveCfg = Debug|x86
		{DF5221A5-A397-4781-B3E9-E5D2F529550B}.Debug|iPhone.Build.0 = Debug|x86
		{DF5221A5-A397-4781-B3E9-E5D2F529550B}.Debug|iPhone.Deploy.0 = Debug|x86
		{DF5221A5-A397-4781-B3E9-E5D2F529550B}.Debug|iPhoneSimulator.ActiveCfg = Debug|x86
		{DF5221A5-A397-4781-B3E9-E5D2F529550B}.Debug|iPhoneSimulator.Build.0 = Debug|x86
		{DF5221A5-A397-4781-B3E9-E5D2F529550B}.Debug|iPhoneSimulator.Deploy.0 = Debug|x86
		{DF5221A5-A397-4781-B3E9-E5D2F529550B}.Debug|x64.ActiveCfg = Debug|x64
		{DF5221A5-A397-4781-B3E9-E5D2F529550B}.Debug|x64.Build.0 = Debug|x64
		{DF5221A5-A397-4781-B3E9-E5D2F529550B}.Debug|x64.Deploy.0 = Debug|x64
		{DF5221A5-A397-4781-B3E9-E5D2F529550B}.Debug|x86.ActiveCfg = Debug|x86
		{DF5221A5-A397-4781-B3E9-E5D2F529550B}.Debug|x86.Build.0 = Debug|x86
		{DF5221A5-A397-4781-B3E9-E5D2F529550B}.Debug|x86.Deploy.0 = Debug|x86
		{DF5221A5-A397-4781-B3E9-E5D2F529550B}.Release|Any CPU.ActiveCfg = Release|x86
		{DF5221A5-A397-4781-B3E9-E5D2F529550B}.Release|Any CPU.Build.0 = Release|x86
		{DF5221A5-A397-4781-B3E9-E5D2F529550B}.Release|Any CPU.Deploy.0 = Release|x86
		{DF5221A5-A397-4781-B3E9-E5D2F529550B}.Release|ARM.ActiveCfg = Release|ARM
		{DF5221A5-A397-4781-B3E9-E5D2F529550B}.Release|ARM.Build.0 = Release|ARM
		{DF5221A5-A397-4781-B3E9-E5D2F529550B}.Release|ARM.Deploy.0 = Release|ARM
		{DF5221A5-A397-4781-B3E9-E5D2F529550B}.Release|iPhone.ActiveCfg = Release|x86
		{DF5221A5-A397-4781-B3E9-E5D2F529550B}.Release|iPhone.Build.0 = Release|x86
		{DF5221A5-A397-4781-B3E9-E5D2F529550B}.Release|iPhone.Deploy.0 = Release|x86
		{DF5221A5-A397-4781-B3E9-E5D2F529550B}.Release|iPhoneSimulator.ActiveCfg = Release|x86
		{DF5221A5-A397-4781-B3E9-E5D2F529550B}.Release|iPhoneSimulator.Build.0 = Release|x86
		{DF5221A5-A397-4781-B3E9-E5D2F529550B}.Release|iPhoneSimulator.Deploy.0 = Release|x86
		{DF5221A5-A397-4781-B3E9-E5D2F529550B}.Release|x64.ActiveCfg = Release|x64
		{DF5221A5-A397-4781-B3E9-E5D2F529550B}.Release|x64.Build.0 = Release|x64
		{DF5221A5-A397-4781-B3E9-E5D2F529550B}.Release|x64.Deploy.0 = Release|x64
		{DF5221A5-A397-4781-B3E9-E5D2F529550B}.Release|x86.ActiveCfg = Release|x86
		{DF5221A5-A397-4781-B3E9-E5D2F529550B}.Release|x86.Build.0 = Release|x86
		{DF5221A5-A397-4781-B3E9-E5D2F529550B}.Release|x86.Deploy.0 = Release|x86
		{84645C4C-31FF-4F47-BD75-BD59A159ED93}.Ad-Hoc|Any CPU.ActiveCfg = Debug|Any CPU
		{84645C4C-31FF-4F47-BD75-BD59A159ED93}.Ad-Hoc|Any CPU.Build.0 = Debug|Any CPU
		{84645C4C-31FF-4F47-BD75-BD59A159ED93}.Ad-Hoc|Any CPU.Deploy.0 = Debug|Any CPU
		{84645C4C-31FF-4F47-BD75-BD59A159ED93}.Ad-Hoc|ARM.ActiveCfg = Debug|Any CPU
		{84645C4C-31FF-4F47-BD75-BD59A159ED93}.Ad-Hoc|ARM.Build.0 = Debug|Any CPU
		{84645C4C-31FF-4F47-BD75-BD59A159ED93}.Ad-Hoc|ARM.Deploy.0 = Debug|Any CPU
		{84645C4C-31FF-4F47-BD75-BD59A159ED93}.Ad-Hoc|iPhone.ActiveCfg = Debug|Any CPU
		{84645C4C-31FF-4F47-BD75-BD59A159ED93}.Ad-Hoc|iPhone.Build.0 = Debug|Any CPU
		{84645C4C-31FF-4F47-BD75-BD59A159ED93}.Ad-Hoc|iPhone.Deploy.0 = Debug|Any CPU
		{84645C4C-31FF-4F47-BD75-BD59A159ED93}.Ad-Hoc|iPhoneSimulator.ActiveCfg = Debug|Any CPU
		{84645C4C-31FF-4F47-BD75-BD59A159ED93}.Ad-Hoc|iPhoneSimulator.Build.0 = Debug|Any CPU
		{84645C4C-31FF-4F47-BD75-BD59A159ED93}.Ad-Hoc|iPhoneSimulator.Deploy.0 = Debug|Any CPU
		{84645C4C-31FF-4F47-BD75-BD59A159ED93}.Ad-Hoc|x64.ActiveCfg = Debug|Any CPU
		{84645C4C-31FF-4F47-BD75-BD59A159ED93}.Ad-Hoc|x64.Build.0 = Debug|Any CPU
		{84645C4C-31FF-4F47-BD75-BD59A159ED93}.Ad-Hoc|x64.Deploy.0 = Debug|Any CPU
		{84645C4C-31FF-4F47-BD75-BD59A159ED93}.Ad-Hoc|x86.ActiveCfg = Debug|Any CPU
		{84645C4C-31FF-4F47-BD75-BD59A159ED93}.Ad-Hoc|x86.Build.0 = Debug|Any CPU
		{84645C4C-31FF-4F47-BD75-BD59A159ED93}.Ad-Hoc|x86.Deploy.0 = Debug|Any CPU
		{84645C4C-31FF-4F47-BD75-BD59A159ED93}.AppStore|Any CPU.ActiveCfg = Debug|Any CPU
		{84645C4C-31FF-4F47-BD75-BD59A159ED93}.AppStore|Any CPU.Build.0 = Debug|Any CPU
		{84645C4C-31FF-4F47-BD75-BD59A159ED93}.AppStore|Any CPU.Deploy.0 = Debug|Any CPU
		{84645C4C-31FF-4F47-BD75-BD59A159ED93}.AppStore|ARM.ActiveCfg = Debug|Any CPU
		{84645C4C-31FF-4F47-BD75-BD59A159ED93}.AppStore|ARM.Build.0 = Debug|Any CPU
		{84645C4C-31FF-4F47-BD75-BD59A159ED93}.AppStore|ARM.Deploy.0 = Debug|Any CPU
		{84645C4C-31FF-4F47-BD75-BD59A159ED93}.AppStore|iPhone.ActiveCfg = Debug|Any CPU
		{84645C4C-31FF-4F47-BD75-BD59A159ED93}.AppStore|iPhone.Build.0 = Debug|Any CPU
		{84645C4C-31FF-4F47-BD75-BD59A159ED93}.AppStore|iPhone.Deploy.0 = Debug|Any CPU
		{84645C4C-31FF-4F47-BD75-BD59A159ED93}.AppStore|iPhoneSimulator.ActiveCfg = Debug|Any CPU
		{84645C4C-31FF-4F47-BD75-BD59A159ED93}.AppStore|iPhoneSimulator.Build.0 = Debug|Any CPU
		{84645C4C-31FF-4F47-BD75-BD59A159ED93}.AppStore|iPhoneSimulator.Deploy.0 = Debug|Any CPU
		{84645C4C-31FF-4F47-BD75-BD59A159ED93}.AppStore|x64.ActiveCfg = Debug|Any CPU
		{84645C4C-31FF-4F47-BD75-BD59A159ED93}.AppStore|x64.Build.0 = Debug|Any CPU
		{84645C4C-31FF-4F47-BD75-BD59A159ED93}.AppStore|x64.Deploy.0 = Debug|Any CPU
		{84645C4C-31FF-4F47-BD75-BD59A159ED93}.AppStore|x86.ActiveCfg = Debug|Any CPU
		{84645C4C-31FF-4F47-BD75-BD59A159ED93}.AppStore|x86.Build.0 = Debug|Any CPU
		{84645C4C-31FF-4F47-BD75-BD59A159ED93}.AppStore|x86.Deploy.0 = Debug|Any CPU
		{84645C4C-31FF-4F47-BD75-BD59A159ED93}.Debug|Any CPU.ActiveCfg = Debug|Any CPU
		{84645C4C-31FF-4F47-BD75-BD59A159ED93}.Debug|Any CPU.Build.0 = Debug|Any CPU
		{84645C4C-31FF-4F47-BD75-BD59A159ED93}.Debug|Any CPU.Deploy.0 = Debug|Any CPU
		{84645C4C-31FF-4F47-BD75-BD59A159ED93}.Debug|ARM.ActiveCfg = Debug|Any CPU
		{84645C4C-31FF-4F47-BD75-BD59A159ED93}.Debug|ARM.Build.0 = Debug|Any CPU
		{84645C4C-31FF-4F47-BD75-BD59A159ED93}.Debug|ARM.Deploy.0 = Debug|Any CPU
		{84645C4C-31FF-4F47-BD75-BD59A159ED93}.Debug|iPhone.ActiveCfg = Debug|Any CPU
		{84645C4C-31FF-4F47-BD75-BD59A159ED93}.Debug|iPhone.Build.0 = Debug|Any CPU
		{84645C4C-31FF-4F47-BD75-BD59A159ED93}.Debug|iPhone.Deploy.0 = Debug|Any CPU
		{84645C4C-31FF-4F47-BD75-BD59A159ED93}.Debug|iPhoneSimulator.ActiveCfg = Debug|Any CPU
		{84645C4C-31FF-4F47-BD75-BD59A159ED93}.Debug|iPhoneSimulator.Build.0 = Debug|Any CPU
		{84645C4C-31FF-4F47-BD75-BD59A159ED93}.Debug|iPhoneSimulator.Deploy.0 = Debug|Any CPU
		{84645C4C-31FF-4F47-BD75-BD59A159ED93}.Debug|x64.ActiveCfg = Debug|Any CPU
		{84645C4C-31FF-4F47-BD75-BD59A159ED93}.Debug|x64.Build.0 = Debug|Any CPU
		{84645C4C-31FF-4F47-BD75-BD59A159ED93}.Debug|x64.Deploy.0 = Debug|Any CPU
		{84645C4C-31FF-4F47-BD75-BD59A159ED93}.Debug|x86.ActiveCfg = Debug|Any CPU
		{84645C4C-31FF-4F47-BD75-BD59A159ED93}.Debug|x86.Build.0 = Debug|Any CPU
		{84645C4C-31FF-4F47-BD75-BD59A159ED93}.Debug|x86.Deploy.0 = Debug|Any CPU
		{84645C4C-31FF-4F47-BD75-BD59A159ED93}.Release|Any CPU.ActiveCfg = Release|Any CPU
		{84645C4C-31FF-4F47-BD75-BD59A159ED93}.Release|Any CPU.Build.0 = Release|Any CPU
		{84645C4C-31FF-4F47-BD75-BD59A159ED93}.Release|Any CPU.Deploy.0 = Release|Any CPU
		{84645C4C-31FF-4F47-BD75-BD59A159ED93}.Release|ARM.ActiveCfg = Release|Any CPU
		{84645C4C-31FF-4F47-BD75-BD59A159ED93}.Release|ARM.Build.0 = Release|Any CPU
		{84645C4C-31FF-4F47-BD75-BD59A159ED93}.Release|ARM.Deploy.0 = Release|Any CPU
		{84645C4C-31FF-4F47-BD75-BD59A159ED93}.Release|iPhone.ActiveCfg = Release|Any CPU
		{84645C4C-31FF-4F47-BD75-BD59A159ED93}.Release|iPhone.Build.0 = Release|Any CPU
		{84645C4C-31FF-4F47-BD75-BD59A159ED93}.Release|iPhone.Deploy.0 = Release|Any CPU
		{84645C4C-31FF-4F47-BD75-BD59A159ED93}.Release|iPhoneSimulator.ActiveCfg = Release|Any CPU
		{84645C4C-31FF-4F47-BD75-BD59A159ED93}.Release|iPhoneSimulator.Build.0 = Release|Any CPU
		{84645C4C-31FF-4F47-BD75-BD59A159ED93}.Release|iPhoneSimulator.Deploy.0 = Release|Any CPU
		{84645C4C-31FF-4F47-BD75-BD59A159ED93}.Release|x64.ActiveCfg = Release|Any CPU
		{84645C4C-31FF-4F47-BD75-BD59A159ED93}.Release|x64.Build.0 = Release|Any CPU
		{84645C4C-31FF-4F47-BD75-BD59A159ED93}.Release|x64.Deploy.0 = Release|Any CPU
		{84645C4C-31FF-4F47-BD75-BD59A159ED93}.Release|x86.ActiveCfg = Release|Any CPU
		{84645C4C-31FF-4F47-BD75-BD59A159ED93}.Release|x86.Build.0 = Release|Any CPU
		{84645C4C-31FF-4F47-BD75-BD59A159ED93}.Release|x86.Deploy.0 = Release|Any CPU
	EndGlobalSection
	GlobalSection(SolutionProperties) = preSolution
		HideSolutionNode = FALSE
	EndGlobalSection
	GlobalSection(ExtensibilityGlobals) = postSolution
		SolutionGuid = {AE5B6818-7882-42B5-9994-8FA4D1B339A2}
	EndGlobalSection
EndGlobal
